
Microsoft Visual Studio Solution File, Format Version 12.00
# Visual Studio 15
Project("{FAE04EC0-301F-11D3-BF4B-00C04F79EFBC}") = "ThirtyFour.UI", "ThirtyFour.Ui\ThirtyFour.UI.csproj", "{9897AF40-D536-4ED7-B02C-105043F5AC76}"
EndProject
Project("{FAE04EC0-301F-11D3-BF4B-00C04F79EFBC}") = "ThirtyFour.UI.Tests", "ThirtyFour.UI.Tests\ThirtyFour.UI.Tests.csproj", "{79079A9E-1BC8-430F-ACFB-C149280CD9D7}"
EndProject
Global
	GlobalSection(SolutionConfigurationPlatforms) = preSolution
		Debug|Any CPU = Debug|Any CPU
		Release|Any CPU = Release|Any CPU
	EndGlobalSection
	GlobalSection(ProjectConfigurationPlatforms) = postSolution
		{9897AF40-D536-4ED7-B02C-105043F5AC76}.Debug|Any CPU.ActiveCfg = Debug|Any CPU
		{9897AF40-D536-4ED7-B02C-105043F5AC76}.Debug|Any CPU.Build.0 = Debug|Any CPU
		{9897AF40-D536-4ED7-B02C-105043F5AC76}.Release|Any CPU.ActiveCfg = Release|Any CPU
		{9897AF40-D536-4ED7-B02C-105043F5AC76}.Release|Any CPU.Build.0 = Release|Any CPU
		{79079A9E-1BC8-430F-ACFB-C149280CD9D7}.Debug|Any CPU.ActiveCfg = Debug|Any CPU
		{79079A9E-1BC8-430F-ACFB-C149280CD9D7}.Debug|Any CPU.Build.0 = Debug|Any CPU
		{79079A9E-1BC8-430F-ACFB-C149280CD9D7}.Release|Any CPU.ActiveCfg = Release|Any CPU
		{79079A9E-1BC8-430F-ACFB-C149280CD9D7}.Release|Any CPU.Build.0 = Release|Any CPU
	EndGlobalSection
EndGlobal
